{
  "meteor": {},
  "dependencies": {
    "basePackages": {
      "momentjs": {},
      "collectionFS": {}
    },
    "packages": {
      "momentjs": {
        "git": "https://github.com/crapthings/meteor-momentjs.git",
        "tag": "v2.1.0",
        "commit": "f421f51c2cb40093374a83adb932937da2f991d3"
      },
      "collectionFS": {
        "git": "https://github.com/raix/Meteor-CollectionFS.git",
        "tag": "v0.2.3",
        "commit": "4a1b9298a7ce64269fd14be29d9c4797b9253103"
      }
    }
  }
}
